PODS:
  - lottie-ios (4.2.0)
  - MagicTimer (1.0.4)
  - SRCountdownTimer (1.3)

DEPENDENCIES:
  - lottie-ios
  - MagicTimer
  - SRCountdownTimer

SPEC REPOS:
  trunk:
    - lottie-ios
    - MagicTimer
    - SRCountdownTimer

SPEC CHECKSUMS:
  lottie-ios: 809ecf2d460ed650a6aed7aa88b2ec45fab4779c
  MagicTimer: e39ab4d63c759eed0cee34f521002f099bdcc472
  SRCountdownTimer: b7f833a51cd33003d55df17667b71d26ee17357f

PODFILE CHECKSUM: 76081cd6b74314c74e608697a4f83410bb34751b

COCOAPODS: 1.12.1
