// !$*UTF8*$!
{
	archiveVersion = 1;
	classes = {
	};
	objectVersion = 56;
	objects = {

/* Begin PBXBuildFile section */
		182818722A6907980018FE13 /* LaunchScreenViewController.swift in Sources */ = {isa = PBXBuildFile; fileRef = 182818702A6907970018FE13 /* LaunchScreenViewController.swift */; };
		182818732A6907980018FE13 /* LaunchScreenViewController.xib in Resources */ = {isa = PBXBuildFile; fileRef = 182818712A6907970018FE13 /* LaunchScreenViewController.xib */; };
		182818762A696ADA0018FE13 /* GoogleMobileAds in Frameworks */ = {isa = PBXBuildFile; productRef = 182818752A696ADA0018FE13 /* GoogleMobileAds */; };
		182818782A6976080018FE13 /* Launch Screen.storyboard in Resources */ = {isa = PBXBuildFile; fileRef = 182818772A6976080018FE13 /* Launch Screen.storyboard */; };
		183356C62A1A60D000906776 /* HomeViewController.swift in Sources */ = {isa = PBXBuildFile; fileRef = 183356C42A1A60D000906776 /* HomeViewController.swift */; };
		183356C72A1A60D000906776 /* HomeViewController.xib in Resources */ = {isa = PBXBuildFile; fileRef = 183356C52A1A60D000906776 /* HomeViewController.xib */; };
		183356CB2A1A669F00906776 /* HomeTableViewCell.swift in Sources */ = {isa = PBXBuildFile; fileRef = 183356C92A1A669F00906776 /* HomeTableViewCell.swift */; };
		183356CC2A1A669F00906776 /* HomeTableViewCell.xib in Resources */ = {isa = PBXBuildFile; fileRef = 183356CA2A1A669F00906776 /* HomeTableViewCell.xib */; };
		183356D62A1CFAF200906776 /* CounterViewController.swift in Sources */ = {isa = PBXBuildFile; fileRef = 183356D42A1CFAF200906776 /* CounterViewController.swift */; };
		183356D72A1CFAF200906776 /* CounterViewController.xib in Resources */ = {isa = PBXBuildFile; fileRef = 183356D52A1CFAF200906776 /* CounterViewController.xib */; };
		184277482A175550004B09CE /* wordHuntModel.swift in Sources */ = {isa = PBXBuildFile; fileRef = 184277472A175550004B09CE /* wordHuntModel.swift */; };
		1842774B2A175587004B09CE /* QuestionsViewModel.swift in Sources */ = {isa = PBXBuildFile; fileRef = 1842774A2A175587004B09CE /* QuestionsViewModel.swift */; };
		1842774D2A1755C8004B09CE /* NetworkManager.swift in Sources */ = {isa = PBXBuildFile; fileRef = 1842774C2A1755C8004B09CE /* NetworkManager.swift */; };
		186880962A16006100848325 /* AppDelegate.swift in Sources */ = {isa = PBXBuildFile; fileRef = 186880952A16006100848325 /* AppDelegate.swift */; };
		186880982A16006100848325 /* SceneDelegate.swift in Sources */ = {isa = PBXBuildFile; fileRef = 186880972A16006100848325 /* SceneDelegate.swift */; };
		1868809A2A16006100848325 /* ViewController.swift in Sources */ = {isa = PBXBuildFile; fileRef = 186880992A16006100848325 /* ViewController.swift */; };
		1868809D2A16006100848325 /* Main.storyboard in Resources */ = {isa = PBXBuildFile; fileRef = 1868809B2A16006100848325 /* Main.storyboard */; };
		186880A02A16006100848325 /* WordHunt.xcdatamodeld in Sources */ = {isa = PBXBuildFile; fileRef = 1868809E2A16006100848325 /* WordHunt.xcdatamodeld */; };
		186880A22A16006300848325 /* Assets.xcassets in Resources */ = {isa = PBXBuildFile; fileRef = 186880A12A16006300848325 /* Assets.xcassets */; };
		186880B02A16006300848325 /* WordHuntTests.swift in Sources */ = {isa = PBXBuildFile; fileRef = 186880AF2A16006300848325 /* WordHuntTests.swift */; };
		186880BA2A16006300848325 /* WordHuntUITests.swift in Sources */ = {isa = PBXBuildFile; fileRef = 186880B92A16006300848325 /* WordHuntUITests.swift */; };
		186880BC2A16006300848325 /* WordHuntUITestsLaunchTests.swift in Sources */ = {isa = PBXBuildFile; fileRef = 186880BB2A16006300848325 /* WordHuntUITestsLaunchTests.swift */; };
		186880D72A16010200848325 /* PaddingLbl.swift in Sources */ = {isa = PBXBuildFile; fileRef = 186880D62A16010200848325 /* PaddingLbl.swift */; };
		186880DE2A160CF900848325 /* Extensions.swift in Sources */ = {isa = PBXBuildFile; fileRef = 186880DD2A160CF900848325 /* Extensions.swift */; };
		188425FD2A16514800EE4251 /* QuestionsViewController.swift in Sources */ = {isa = PBXBuildFile; fileRef = 188425FB2A16514800EE4251 /* QuestionsViewController.swift */; };
		188425FE2A16514800EE4251 /* QuestionsViewController.xib in Resources */ = {isa = PBXBuildFile; fileRef = 188425FC2A16514800EE4251 /* QuestionsViewController.xib */; };
		188426022A16525400EE4251 /* QuestionsCollectionViewCell.swift in Sources */ = {isa = PBXBuildFile; fileRef = 188426002A16525400EE4251 /* QuestionsCollectionViewCell.swift */; };
		188426032A16525400EE4251 /* QuestionsCollectionViewCell.xib in Resources */ = {isa = PBXBuildFile; fileRef = 188426012A16525400EE4251 /* QuestionsCollectionViewCell.xib */; };
		188426072A1652FE00EE4251 /* AlphabetCollectionViewCell.swift in Sources */ = {isa = PBXBuildFile; fileRef = 188426052A1652FE00EE4251 /* AlphabetCollectionViewCell.swift */; };
		188426082A1652FE00EE4251 /* AlphabetCollectionViewCell.xib in Resources */ = {isa = PBXBuildFile; fileRef = 188426062A1652FE00EE4251 /* AlphabetCollectionViewCell.xib */; };
		188469382A21FB0F00412C20 /* DoneViewController.swift in Sources */ = {isa = PBXBuildFile; fileRef = 188469362A21FB0F00412C20 /* DoneViewController.swift */; };
		188469392A21FB0F00412C20 /* DoneViewController.xib in Resources */ = {isa = PBXBuildFile; fileRef = 188469372A21FB0F00412C20 /* DoneViewController.xib */; };
		1884693D2A22241A00412C20 /* Celebration.json in Resources */ = {isa = PBXBuildFile; fileRef = 1884693C2A22241A00412C20 /* Celebration.json */; };
		18EE4DC12A190D8400F7B842 /* HelpViewController.swift in Sources */ = {isa = PBXBuildFile; fileRef = 18EE4DBF2A190D8400F7B842 /* HelpViewController.swift */; };
		18EE4DC22A190D8400F7B842 /* HelpViewController.xib in Resources */ = {isa = PBXBuildFile; fileRef = 18EE4DC02A190D8400F7B842 /* HelpViewController.xib */; };
		6735E4F99A9042CD7E3347FC /* Pods_WordHuntTests.framework in Frameworks */ = {isa = PBXBuildFile; fileRef = E0BFBCCAAC4DE88BBE043FB4 /* Pods_WordHuntTests.framework */; };
		9244FEFD2ADCEF3B00AE9D9C /* Constants.swift in Sources */ = {isa = PBXBuildFile; fileRef = 9244FEFC2ADCEF3B00AE9D9C /* Constants.swift */; };
		9267D5262AE62B0C00BBFD29 /* UIFunctions.swift in Sources */ = {isa = PBXBuildFile; fileRef = 9267D5252AE62B0C00BBFD29 /* UIFunctions.swift */; };
		B5DD62A87A1ECD93785133F1 /* Pods_WordHunt_WordHuntUITests.framework in Frameworks */ = {isa = PBXBuildFile; fileRef = 181E01336390CDC44516A8AF /* Pods_WordHunt_WordHuntUITests.framework */; };
		F5F676A4E012A082B5D8100C /* Pods_WordHunt.framework in Frameworks */ = {isa = PBXBuildFile; fileRef = 90B8A8767BE0E3CE0ECA3960 /* Pods_WordHunt.framework */; };
/* End PBXBuildFile section */

/* Begin PBXContainerItemProxy section */
		186880AC2A16006300848325 /* PBXContainerItemProxy */ = {
			isa = PBXContainerItemProxy;
			containerPortal = 1868808A2A16006100848325 /* Project object */;
			proxyType = 1;
			remoteGlobalIDString = 186880912A16006100848325;
			remoteInfo = WordHunt;
		};
		186880B62A16006300848325 /* PBXContainerItemProxy */ = {
			isa = PBXContainerItemProxy;
			containerPortal = 1868808A2A16006100848325 /* Project object */;
			proxyType = 1;
			remoteGlobalIDString = 186880912A16006100848325;
			remoteInfo = WordHunt;
		};
/* End PBXContainerItemProxy section */

/* Begin PBXFileReference section */
		0958D609331A95A0833268EB /* Pods-WordHunt-WordHuntUITests.release.xcconfig */ = {isa = PBXFileReference; includeInIndex = 1; lastKnownFileType = text.xcconfig; name = "Pods-WordHunt-WordHuntUITests.release.xcconfig"; path = "Target Support Files/Pods-WordHunt-WordHuntUITests/Pods-WordHunt-WordHuntUITests.release.xcconfig"; sourceTree = "<group>"; };
		181E01336390CDC44516A8AF /* Pods_WordHunt_WordHuntUITests.framework */ = {isa = PBXFileReference; explicitFileType = wrapper.framework; includeInIndex = 0; path = Pods_WordHunt_WordHuntUITests.framework; sourceTree = BUILT_PRODUCTS_DIR; };
		182818702A6907970018FE13 /* LaunchScreenViewController.swift */ = {isa = PBXFileReference; lastKnownFileType = sourcecode.swift; path = LaunchScreenViewController.swift; sourceTree = "<group>"; };
		182818712A6907970018FE13 /* LaunchScreenViewController.xib */ = {isa = PBXFileReference; lastKnownFileType = file.xib; path = LaunchScreenViewController.xib; sourceTree = "<group>"; };
		182818772A6976080018FE13 /* Launch Screen.storyboard */ = {isa = PBXFileReference; lastKnownFileType = file.storyboard; path = "Launch Screen.storyboard"; sourceTree = "<group>"; };
		183356C42A1A60D000906776 /* HomeViewController.swift */ = {isa = PBXFileReference; lastKnownFileType = sourcecode.swift; path = HomeViewController.swift; sourceTree = "<group>"; };
		183356C52A1A60D000906776 /* HomeViewController.xib */ = {isa = PBXFileReference; lastKnownFileType = file.xib; path = HomeViewController.xib; sourceTree = "<group>"; };
		183356C92A1A669F00906776 /* HomeTableViewCell.swift */ = {isa = PBXFileReference; lastKnownFileType = sourcecode.swift; path = HomeTableViewCell.swift; sourceTree = "<group>"; };
		183356CA2A1A669F00906776 /* HomeTableViewCell.xib */ = {isa = PBXFileReference; lastKnownFileType = file.xib; path = HomeTableViewCell.xib; sourceTree = "<group>"; };
		183356D42A1CFAF200906776 /* CounterViewController.swift */ = {isa = PBXFileReference; lastKnownFileType = sourcecode.swift; path = CounterViewController.swift; sourceTree = "<group>"; };
		183356D52A1CFAF200906776 /* CounterViewController.xib */ = {isa = PBXFileReference; lastKnownFileType = file.xib; path = CounterViewController.xib; sourceTree = "<group>"; };
		184277472A175550004B09CE /* wordHuntModel.swift */ = {isa = PBXFileReference; lastKnownFileType = sourcecode.swift; path = wordHuntModel.swift; sourceTree = "<group>"; };
		1842774A2A175587004B09CE /* QuestionsViewModel.swift */ = {isa = PBXFileReference; lastKnownFileType = sourcecode.swift; path = QuestionsViewModel.swift; sourceTree = "<group>"; };
		1842774C2A1755C8004B09CE /* NetworkManager.swift */ = {isa = PBXFileReference; lastKnownFileType = sourcecode.swift; path = NetworkManager.swift; sourceTree = "<group>"; };
		186880922A16006100848325 /* WordHunt.app */ = {isa = PBXFileReference; explicitFileType = wrapper.application; includeInIndex = 0; path = WordHunt.app; sourceTree = BUILT_PRODUCTS_DIR; };
		186880952A16006100848325 /* AppDelegate.swift */ = {isa = PBXFileReference; lastKnownFileType = sourcecode.swift; path = AppDelegate.swift; sourceTree = "<group>"; };
		186880972A16006100848325 /* SceneDelegate.swift */ = {isa = PBXFileReference; lastKnownFileType = sourcecode.swift; path = SceneDelegate.swift; sourceTree = "<group>"; };
		186880992A16006100848325 /* ViewController.swift */ = {isa = PBXFileReference; lastKnownFileType = sourcecode.swift; path = ViewController.swift; sourceTree = "<group>"; };
		1868809C2A16006100848325 /* Base */ = {isa = PBXFileReference; lastKnownFileType = file.storyboard; name = Base; path = Base.lproj/Main.storyboard; sourceTree = "<group>"; };
		1868809F2A16006100848325 /* WordHunt.xcdatamodel */ = {isa = PBXFileReference; lastKnownFileType = wrapper.xcdatamodel; path = WordHunt.xcdatamodel; sourceTree = "<group>"; };
		186880A12A16006300848325 /* Assets.xcassets */ = {isa = PBXFileReference; lastKnownFileType = folder.assetcatalog; path = Assets.xcassets; sourceTree = "<group>"; };
		186880A62A16006300848325 /* Info.plist */ = {isa = PBXFileReference; lastKnownFileType = text.plist.xml; path = Info.plist; sourceTree = "<group>"; };
		186880AB2A16006300848325 /* WordHuntTests.xctest */ = {isa = PBXFileReference; explicitFileType = wrapper.cfbundle; includeInIndex = 0; path = WordHuntTests.xctest; sourceTree = BUILT_PRODUCTS_DIR; };
		186880AF2A16006300848325 /* WordHuntTests.swift */ = {isa = PBXFileReference; lastKnownFileType = sourcecode.swift; path = WordHuntTests.swift; sourceTree = "<group>"; };
		186880B52A16006300848325 /* WordHuntUITests.xctest */ = {isa = PBXFileReference; explicitFileType = wrapper.cfbundle; includeInIndex = 0; path = WordHuntUITests.xctest; sourceTree = BUILT_PRODUCTS_DIR; };
		186880B92A16006300848325 /* WordHuntUITests.swift */ = {isa = PBXFileReference; lastKnownFileType = sourcecode.swift; path = WordHuntUITests.swift; sourceTree = "<group>"; };
		186880BB2A16006300848325 /* WordHuntUITestsLaunchTests.swift */ = {isa = PBXFileReference; lastKnownFileType = sourcecode.swift; path = WordHuntUITestsLaunchTests.swift; sourceTree = "<group>"; };
		186880D62A16010200848325 /* PaddingLbl.swift */ = {isa = PBXFileReference; fileEncoding = 4; lastKnownFileType = sourcecode.swift; path = PaddingLbl.swift; sourceTree = "<group>"; };
		186880DD2A160CF900848325 /* Extensions.swift */ = {isa = PBXFileReference; lastKnownFileType = sourcecode.swift; path = Extensions.swift; sourceTree = "<group>"; };
		188425FB2A16514800EE4251 /* QuestionsViewController.swift */ = {isa = PBXFileReference; lastKnownFileType = sourcecode.swift; path = QuestionsViewController.swift; sourceTree = "<group>"; };
		188425FC2A16514800EE4251 /* QuestionsViewController.xib */ = {isa = PBXFileReference; lastKnownFileType = file.xib; path = QuestionsViewController.xib; sourceTree = "<group>"; };
		188426002A16525400EE4251 /* QuestionsCollectionViewCell.swift */ = {isa = PBXFileReference; lastKnownFileType = sourcecode.swift; path = QuestionsCollectionViewCell.swift; sourceTree = "<group>"; };
		188426012A16525400EE4251 /* QuestionsCollectionViewCell.xib */ = {isa = PBXFileReference; lastKnownFileType = file.xib; path = QuestionsCollectionViewCell.xib; sourceTree = "<group>"; };
		188426052A1652FE00EE4251 /* AlphabetCollectionViewCell.swift */ = {isa = PBXFileReference; lastKnownFileType = sourcecode.swift; path = AlphabetCollectionViewCell.swift; sourceTree = "<group>"; };
		188426062A1652FE00EE4251 /* AlphabetCollectionViewCell.xib */ = {isa = PBXFileReference; lastKnownFileType = file.xib; path = AlphabetCollectionViewCell.xib; sourceTree = "<group>"; };
		188469362A21FB0F00412C20 /* DoneViewController.swift */ = {isa = PBXFileReference; lastKnownFileType = sourcecode.swift; path = DoneViewController.swift; sourceTree = "<group>"; };
		188469372A21FB0F00412C20 /* DoneViewController.xib */ = {isa = PBXFileReference; lastKnownFileType = file.xib; path = DoneViewController.xib; sourceTree = "<group>"; };
		1884693C2A22241A00412C20 /* Celebration.json */ = {isa = PBXFileReference; fileEncoding = 4; lastKnownFileType = text.json; path = Celebration.json; sourceTree = "<group>"; };
		18EE4DBF2A190D8400F7B842 /* HelpViewController.swift */ = {isa = PBXFileReference; lastKnownFileType = sourcecode.swift; path = HelpViewController.swift; sourceTree = "<group>"; };
		18EE4DC02A190D8400F7B842 /* HelpViewController.xib */ = {isa = PBXFileReference; lastKnownFileType = file.xib; path = HelpViewController.xib; sourceTree = "<group>"; };
		491ACA907A48757C98A29BC4 /* Pods-WordHuntTests.debug.xcconfig */ = {isa = PBXFileReference; includeInIndex = 1; lastKnownFileType = text.xcconfig; name = "Pods-WordHuntTests.debug.xcconfig"; path = "Target Support Files/Pods-WordHuntTests/Pods-WordHuntTests.debug.xcconfig"; sourceTree = "<group>"; };
		894DDF18AF3E8D990D28BA69 /* Pods-WordHunt.debug.xcconfig */ = {isa = PBXFileReference; includeInIndex = 1; lastKnownFileType = text.xcconfig; name = "Pods-WordHunt.debug.xcconfig"; path = "Target Support Files/Pods-WordHunt/Pods-WordHunt.debug.xcconfig"; sourceTree = "<group>"; };
		90B8A8767BE0E3CE0ECA3960 /* Pods_WordHunt.framework */ = {isa = PBXFileReference; explicitFileType = wrapper.framework; includeInIndex = 0; path = Pods_WordHunt.framework; sourceTree = BUILT_PRODUCTS_DIR; };
		9244FEFC2ADCEF3B00AE9D9C /* Constants.swift */ = {isa = PBXFileReference; lastKnownFileType = sourcecode.swift; path = Constants.swift; sourceTree = "<group>"; };
		9267D5252AE62B0C00BBFD29 /* UIFunctions.swift */ = {isa = PBXFileReference; lastKnownFileType = sourcecode.swift; path = UIFunctions.swift; sourceTree = "<group>"; };
		B813573DC1FEEDD5DD241784 /* Pods-WordHunt.release.xcconfig */ = {isa = PBXFileReference; includeInIndex = 1; lastKnownFileType = text.xcconfig; name = "Pods-WordHunt.release.xcconfig"; path = "Target Support Files/Pods-WordHunt/Pods-WordHunt.release.xcconfig"; sourceTree = "<group>"; };
		C0205F3F38B6C0C35411EB76 /* Pods-WordHunt-WordHuntUITests.debug.xcconfig */ = {isa = PBXFileReference; includeInIndex = 1; lastKnownFileType = text.xcconfig; name = "Pods-WordHunt-WordHuntUITests.debug.xcconfig"; path = "Target Support Files/Pods-WordHunt-WordHuntUITests/Pods-WordHunt-WordHuntUITests.debug.xcconfig"; sourceTree = "<group>"; };
		D7A4988E41AEA97D503DE8C5 /* Pods-WordHuntTests.release.xcconfig */ = {isa = PBXFileReference; includeInIndex = 1; lastKnownFileType = text.xcconfig; name = "Pods-WordHuntTests.release.xcconfig"; path = "Target Support Files/Pods-WordHuntTests/Pods-WordHuntTests.release.xcconfig"; sourceTree = "<group>"; };
		E0BFBCCAAC4DE88BBE043FB4 /* Pods_WordHuntTests.framework */ = {isa = PBXFileReference; explicitFileType = wrapper.framework; includeInIndex = 0; path = Pods_WordHuntTests.framework; sourceTree = BUILT_PRODUCTS_DIR; };
/* End PBXFileReference section */

/* Begin PBXFrameworksBuildPhase section */
		1868808F2A16006100848325 /* Frameworks */ = {
			isa = PBXFrameworksBuildPhase;
			buildActionMask = 2147483647;
			files = (
				182818762A696ADA0018FE13 /* GoogleMobileAds in Frameworks */,
				F5F676A4E012A082B5D8100C /* Pods_WordHunt.framework in Frameworks */,
			);
			runOnlyForDeploymentPostprocessing = 0;
		};
		186880A82A16006300848325 /* Frameworks */ = {
			isa = PBXFrameworksBuildPhase;
			buildActionMask = 2147483647;
			files = (
				6735E4F99A9042CD7E3347FC /* Pods_WordHuntTests.framework in Frameworks */,
			);
			runOnlyForDeploymentPostprocessing = 0;
		};
		186880B22A16006300848325 /* Frameworks */ = {
			isa = PBXFrameworksBuildPhase;
			buildActionMask = 2147483647;
			files = (
				B5DD62A87A1ECD93785133F1 /* Pods_WordHunt_WordHuntUITests.framework in Frameworks */,
			);
			runOnlyForDeploymentPostprocessing = 0;
		};
/* End PBXFrameworksBuildPhase section */

/* Begin PBXGroup section */
		0DCAED31E842C229023AF9D7 /* Pods */ = {
			isa = PBXGroup;
			children = (
				894DDF18AF3E8D990D28BA69 /* Pods-WordHunt.debug.xcconfig */,
				B813573DC1FEEDD5DD241784 /* Pods-WordHunt.release.xcconfig */,
				C0205F3F38B6C0C35411EB76 /* Pods-WordHunt-WordHuntUITests.debug.xcconfig */,
				0958D609331A95A0833268EB /* Pods-WordHunt-WordHuntUITests.release.xcconfig */,
				491ACA907A48757C98A29BC4 /* Pods-WordHuntTests.debug.xcconfig */,
				D7A4988E41AEA97D503DE8C5 /* Pods-WordHuntTests.release.xcconfig */,
			);
			path = Pods;
			sourceTree = "<group>";
		};
		181830D32A16216B004309DA /* Modules */ = {
			isa = PBXGroup;
			children = (
				1828186D2A6907790018FE13 /* LaunchScreen */,
				183356D32A1CFAD600906776 /* Counter */,
				18EE4DBD2A190D6100F7B842 /* ExtendModule */,
				186880CA2A16007B00848325 /* QuestionsModule */,
				186880C92A16007300848325 /* HomeModule */,
			);
			path = Modules;
			sourceTree = "<group>";
		};
		1828186D2A6907790018FE13 /* LaunchScreen */ = {
			isa = PBXGroup;
			children = (
				1828186E2A6907830018FE13 /* View */,
			);
			path = LaunchScreen;
			sourceTree = "<group>";
		};
		1828186E2A6907830018FE13 /* View */ = {
			isa = PBXGroup;
			children = (
				182818702A6907970018FE13 /* LaunchScreenViewController.swift */,
				182818712A6907970018FE13 /* LaunchScreenViewController.xib */,
			);
			path = View;
			sourceTree = "<group>";
		};
		183356C32A1A609F00906776 /* View */ = {
			isa = PBXGroup;
			children = (
				183356C82A1A667B00906776 /* HomeTableViewCell */,
				183356C42A1A60D000906776 /* HomeViewController.swift */,
				183356C52A1A60D000906776 /* HomeViewController.xib */,
			);
			path = View;
			sourceTree = "<group>";
		};
		183356C82A1A667B00906776 /* HomeTableViewCell */ = {
			isa = PBXGroup;
			children = (
				183356C92A1A669F00906776 /* HomeTableViewCell.swift */,
				183356CA2A1A669F00906776 /* HomeTableViewCell.xib */,
			);
			path = HomeTableViewCell;
			sourceTree = "<group>";
		};
		183356D32A1CFAD600906776 /* Counter */ = {
			isa = PBXGroup;
			children = (
				183356D82A1D055100906776 /* View */,
			);
			path = Counter;
			sourceTree = "<group>";
		};
		183356D82A1D055100906776 /* View */ = {
			isa = PBXGroup;
			children = (
				183356D42A1CFAF200906776 /* CounterViewController.swift */,
				183356D52A1CFAF200906776 /* CounterViewController.xib */,
			);
			path = View;
			sourceTree = "<group>";
		};
		184277462A174354004B09CE /* Model */ = {
			isa = PBXGroup;
			children = (
				184277472A175550004B09CE /* wordHuntModel.swift */,
			);
			path = Model;
			sourceTree = "<group>";
		};
		184277492A17556A004B09CE /* ViewModel */ = {
			isa = PBXGroup;
			children = (
				1842774A2A175587004B09CE /* QuestionsViewModel.swift */,
			);
			path = ViewModel;
			sourceTree = "<group>";
		};
		186880892A16006100848325 = {
			isa = PBXGroup;
			children = (
				186880942A16006100848325 /* WordHunt */,
				186880AE2A16006300848325 /* WordHuntTests */,
				186880B82A16006300848325 /* WordHuntUITests */,
				186880932A16006100848325 /* Products */,
				0DCAED31E842C229023AF9D7 /* Pods */,
				557A5A7284893D80F68D3192 /* Frameworks */,
			);
			sourceTree = "<group>";
		};
		186880932A16006100848325 /* Products */ = {
			isa = PBXGroup;
			children = (
				186880922A16006100848325 /* WordHunt.app */,
				186880AB2A16006300848325 /* WordHuntTests.xctest */,
				186880B52A16006300848325 /* WordHuntUITests.xctest */,
			);
			name = Products;
			sourceTree = "<group>";
		};
		186880942A16006100848325 /* WordHunt */ = {
			isa = PBXGroup;
			children = (
				186880C82A16006B00848325 /* Version1 */,
				1884693A2A2223F900412C20 /* Assets */,
				1884693E2A2224A400412C20 /* SystemFiles */,
				186880A62A16006300848325 /* Info.plist */,
			);
			path = WordHunt;
			sourceTree = "<group>";
		};
		186880AE2A16006300848325 /* WordHuntTests */ = {
			isa = PBXGroup;
			children = (
				186880AF2A16006300848325 /* WordHuntTests.swift */,
			);
			path = WordHuntTests;
			sourceTree = "<group>";
		};
		186880B82A16006300848325 /* WordHuntUITests */ = {
			isa = PBXGroup;
			children = (
				186880B92A16006300848325 /* WordHuntUITests.swift */,
				186880BB2A16006300848325 /* WordHuntUITestsLaunchTests.swift */,
			);
			path = WordHuntUITests;
			sourceTree = "<group>";
		};
		186880C82A16006B00848325 /* Version1 */ = {
			isa = PBXGroup;
			children = (
				181830D32A16216B004309DA /* Modules */,
				186880D52A1600F500848325 /* Utilities */,
			);
			path = Version1;
			sourceTree = "<group>";
		};
		186880C92A16007300848325 /* HomeModule */ = {
			isa = PBXGroup;
			children = (
				183356C32A1A609F00906776 /* View */,
			);
			path = HomeModule;
			sourceTree = "<group>";
		};
		186880CA2A16007B00848325 /* QuestionsModule */ = {
			isa = PBXGroup;
			children = (
				184277462A174354004B09CE /* Model */,
				184277492A17556A004B09CE /* ViewModel */,
				188425FA2A16512B00EE4251 /* View */,
			);
			path = QuestionsModule;
			sourceTree = "<group>";
		};
		186880D52A1600F500848325 /* Utilities */ = {
			isa = PBXGroup;
			children = (
				186880D62A16010200848325 /* PaddingLbl.swift */,
				186880DD2A160CF900848325 /* Extensions.swift */,
				1842774C2A1755C8004B09CE /* NetworkManager.swift */,
				9244FEFC2ADCEF3B00AE9D9C /* Constants.swift */,
				9267D5252AE62B0C00BBFD29 /* UIFunctions.swift */,
			);
			path = Utilities;
			sourceTree = "<group>";
		};
		188425FA2A16512B00EE4251 /* View */ = {
			isa = PBXGroup;
			children = (
				188425FF2A16523600EE4251 /* QuestionsCollectionViewCell */,
				188425FB2A16514800EE4251 /* QuestionsViewController.swift */,
				188425FC2A16514800EE4251 /* QuestionsViewController.xib */,
			);
			path = View;
			sourceTree = "<group>";
		};
		188425FF2A16523600EE4251 /* QuestionsCollectionViewCell */ = {
			isa = PBXGroup;
			children = (
				188426042A1652E800EE4251 /* AlphabetCollectionViewCell */,
				188426002A16525400EE4251 /* QuestionsCollectionViewCell.swift */,
				188426012A16525400EE4251 /* QuestionsCollectionViewCell.xib */,
			);
			path = QuestionsCollectionViewCell;
			sourceTree = "<group>";
		};
		188426042A1652E800EE4251 /* AlphabetCollectionViewCell */ = {
			isa = PBXGroup;
			children = (
				188426052A1652FE00EE4251 /* AlphabetCollectionViewCell.swift */,
				188426062A1652FE00EE4251 /* AlphabetCollectionViewCell.xib */,
			);
			path = AlphabetCollectionViewCell;
			sourceTree = "<group>";
		};
		188469342A21FAE600412C20 /* Done */ = {
			isa = PBXGroup;
			children = (
				188469352A21FAF400412C20 /* View */,
			);
			path = Done;
			sourceTree = "<group>";
		};
		188469352A21FAF400412C20 /* View */ = {
			isa = PBXGroup;
			children = (
				188469362A21FB0F00412C20 /* DoneViewController.swift */,
				188469372A21FB0F00412C20 /* DoneViewController.xib */,
			);
			path = View;
			sourceTree = "<group>";
		};
		1884693A2A2223F900412C20 /* Assets */ = {
			isa = PBXGroup;
			children = (
				1884693B2A22240100412C20 /* Animations */,
				186880A12A16006300848325 /* Assets.xcassets */,
			);
			path = Assets;
			sourceTree = "<group>";
		};
		1884693B2A22240100412C20 /* Animations */ = {
			isa = PBXGroup;
			children = (
				1884693C2A22241A00412C20 /* Celebration.json */,
			);
			path = Animations;
			sourceTree = "<group>";
		};
		1884693E2A2224A400412C20 /* SystemFiles */ = {
			isa = PBXGroup;
			children = (
				186880952A16006100848325 /* AppDelegate.swift */,
				186880972A16006100848325 /* SceneDelegate.swift */,
				186880992A16006100848325 /* ViewController.swift */,
				1868809B2A16006100848325 /* Main.storyboard */,
				1868809E2A16006100848325 /* WordHunt.xcdatamodeld */,
				182818772A6976080018FE13 /* Launch Screen.storyboard */,
			);
			path = SystemFiles;
			sourceTree = "<group>";
		};
		18EE4DBD2A190D6100F7B842 /* ExtendModule */ = {
			isa = PBXGroup;
			children = (
				188469342A21FAE600412C20 /* Done */,
				18EE4DC32A19146400F7B842 /* GameOver */,
			);
			path = ExtendModule;
			sourceTree = "<group>";
		};
		18EE4DBE2A190D7000F7B842 /* View */ = {
			isa = PBXGroup;
			children = (
				18EE4DBF2A190D8400F7B842 /* HelpViewController.swift */,
				18EE4DC02A190D8400F7B842 /* HelpViewController.xib */,
			);
			path = View;
			sourceTree = "<group>";
		};
		18EE4DC32A19146400F7B842 /* GameOver */ = {
			isa = PBXGroup;
			children = (
				18EE4DBE2A190D7000F7B842 /* View */,
			);
			path = GameOver;
			sourceTree = "<group>";
		};
		557A5A7284893D80F68D3192 /* Frameworks */ = {
			isa = PBXGroup;
			children = (
				90B8A8767BE0E3CE0ECA3960 /* Pods_WordHunt.framework */,
				181E01336390CDC44516A8AF /* Pods_WordHunt_WordHuntUITests.framework */,
				E0BFBCCAAC4DE88BBE043FB4 /* Pods_WordHuntTests.framework */,
			);
			name = Frameworks;
			sourceTree = "<group>";
		};
/* End PBXGroup section */

/* Begin PBXNativeTarget section */
		186880912A16006100848325 /* WordHunt */ = {
			isa = PBXNativeTarget;
			buildConfigurationList = 186880BF2A16006300848325 /* Build configuration list for PBXNativeTarget "WordHunt" */;
			buildPhases = (
				5AE1FB0C37FFC86D2CB49D06 /* [CP] Check Pods Manifest.lock */,
				1868808E2A16006100848325 /* Sources */,
				1868808F2A16006100848325 /* Frameworks */,
				186880902A16006100848325 /* Resources */,
				15368B5166E5AF2C9B711A6D /* [CP] Embed Pods Frameworks */,
			);
			buildRules = (
			);
			dependencies = (
			);
			name = WordHunt;
			packageProductDependencies = (
				182818752A696ADA0018FE13 /* GoogleMobileAds */,
			);
			productName = WordHunt;
			productReference = 186880922A16006100848325 /* WordHunt.app */;
			productType = "com.apple.product-type.application";
		};
		186880AA2A16006300848325 /* WordHuntTests */ = {
			isa = PBXNativeTarget;
			buildConfigurationList = 186880C22A16006300848325 /* Build configuration list for PBXNativeTarget "WordHuntTests" */;
			buildPhases = (
				4A034E20E919CBFB6AF5DA33 /* [CP] Check Pods Manifest.lock */,
				186880A72A16006300848325 /* Sources */,
				186880A82A16006300848325 /* Frameworks */,
				186880A92A16006300848325 /* Resources */,
			);
			buildRules = (
			);
			dependencies = (
				186880AD2A16006300848325 /* PBXTargetDependency */,
			);
			name = WordHuntTests;
			productName = WordHuntTests;
			productReference = 186880AB2A16006300848325 /* WordHuntTests.xctest */;
			productType = "com.apple.product-type.bundle.unit-test";
		};
		186880B42A16006300848325 /* WordHuntUITests */ = {
			isa = PBXNativeTarget;
			buildConfigurationList = 186880C52A16006300848325 /* Build configuration list for PBXNativeTarget "WordHuntUITests" */;
			buildPhases = (
				225199BAB815C9879AB6D16A /* [CP] Check Pods Manifest.lock */,
				186880B12A16006300848325 /* Sources */,
				186880B22A16006300848325 /* Frameworks */,
				186880B32A16006300848325 /* Resources */,
				719F58C72B73B7C6F9D41163 /* [CP] Embed Pods Frameworks */,
			);
			buildRules = (
			);
			dependencies = (
				186880B72A16006300848325 /* PBXTargetDependency */,
			);
			name = WordHuntUITests;
			productName = WordHuntUITests;
			productReference = 186880B52A16006300848325 /* WordHuntUITests.xctest */;
			productType = "com.apple.product-type.bundle.ui-testing";
		};
/* End PBXNativeTarget section */

/* Begin PBXProject section */
		1868808A2A16006100848325 /* Project object */ = {
			isa = PBXProject;
			attributes = {
				BuildIndependentTargetsInParallel = 1;
				LastSwiftUpdateCheck = 1430;
				LastUpgradeCheck = 1430;
				TargetAttributes = {
					186880912A16006100848325 = {
						CreatedOnToolsVersion = 14.3;
					};
					186880AA2A16006300848325 = {
						CreatedOnToolsVersion = 14.3;
						TestTargetID = 186880912A16006100848325;
					};
					186880B42A16006300848325 = {
						CreatedOnToolsVersion = 14.3;
						TestTargetID = 186880912A16006100848325;
					};
				};
			};
			buildConfigurationList = 1868808D2A16006100848325 /* Build configuration list for PBXProject "WordHunt" */;
			compatibilityVersion = "Xcode 14.0";
			developmentRegion = en;
			hasScannedForEncodings = 0;
			knownRegions = (
				en,
				Base,
			);
			mainGroup = 186880892A16006100848325;
			packageReferences = (
				182818742A696ADA0018FE13 /* XCRemoteSwiftPackageReference "swift-package-manager-google-mobile-ads" */,
			);
			productRefGroup = 186880932A16006100848325 /* Products */;
			projectDirPath = "";
			projectRoot = "";
			targets = (
				186880912A16006100848325 /* WordHunt */,
				186880AA2A16006300848325 /* WordHuntTests */,
				186880B42A16006300848325 /* WordHuntUITests */,
			);
		};
/* End PBXProject section */

/* Begin PBXResourcesBuildPhase section */
		186880902A16006100848325 /* Resources */ = {
			isa = PBXResourcesBuildPhase;
			buildActionMask = 2147483647;
			files = (
				182818732A6907980018FE13 /* LaunchScreenViewController.xib in Resources */,
				188426082A1652FE00EE4251 /* AlphabetCollectionViewCell.xib in Resources */,
				183356D72A1CFAF200906776 /* CounterViewController.xib in Resources */,
				186880A22A16006300848325 /* Assets.xcassets in Resources */,
				182818782A6976080018FE13 /* Launch Screen.storyboard in Resources */,
				188425FE2A16514800EE4251 /* QuestionsViewController.xib in Resources */,
				188469392A21FB0F00412C20 /* DoneViewController.xib in Resources */,
				183356CC2A1A669F00906776 /* HomeTableViewCell.xib in Resources */,
				1868809D2A16006100848325 /* Main.storyboard in Resources */,
				1884693D2A22241A00412C20 /* Celebration.json in Resources */,
				18EE4DC22A190D8400F7B842 /* HelpViewController.xib in Resources */,
				188426032A16525400EE4251 /* QuestionsCollectionViewCell.xib in Resources */,
				183356C72A1A60D000906776 /* HomeViewController.xib in Resources */,
			);
			runOnlyForDeploymentPostprocessing = 0;
		};
		186880A92A16006300848325 /* Resources */ = {
			isa = PBXResourcesBuildPhase;
			buildActionMask = 2147483647;
			files = (
			);
			runOnlyForDeploymentPostprocessing = 0;
		};
		186880B32A16006300848325 /* Resources */ = {
			isa = PBXResourcesBuildPhase;
			buildActionMask = 2147483647;
			files = (
			);
			runOnlyForDeploymentPostprocessing = 0;
		};
/* End PBXResourcesBuildPhase section */

/* Begin PBXShellScriptBuildPhase section */
		15368B5166E5AF2C9B711A6D /* [CP] Embed Pods Frameworks */ = {
			isa = PBXShellScriptBuildPhase;
			buildActionMask = 2147483647;
			files = (
			);
			inputFileListPaths = (
				"${PODS_ROOT}/Target Support Files/Pods-WordHunt/Pods-WordHunt-frameworks-${CONFIGURATION}-input-files.xcfilelist",
			);
			name = "[CP] Embed Pods Frameworks";
			outputFileListPaths = (
				"${PODS_ROOT}/Target Support Files/Pods-WordHunt/Pods-WordHunt-frameworks-${CONFIGURATION}-output-files.xcfilelist",
			);
			runOnlyForDeploymentPostprocessing = 0;
			shellPath = /bin/sh;
			shellScript = "\"${PODS_ROOT}/Target Support Files/Pods-WordHunt/Pods-WordHunt-frameworks.sh\"\n";
			showEnvVarsInLog = 0;
		};
		225199BAB815C9879AB6D16A /* [CP] Check Pods Manifest.lock */ = {
			isa = PBXShellScriptBuildPhase;
			buildActionMask = 2147483647;
			files = (
			);
			inputFileListPaths = (
			);
			inputPaths = (
				"${PODS_PODFILE_DIR_PATH}/Podfile.lock",
				"${PODS_ROOT}/Manifest.lock",
			);
			name = "[CP] Check Pods Manifest.lock";
			outputFileListPaths = (
			);
			outputPaths = (
				"$(DERIVED_FILE_DIR)/Pods-WordHunt-WordHuntUITests-checkManifestLockResult.txt",
			);
			runOnlyForDeploymentPostprocessing = 0;
			shellPath = /bin/sh;
			shellScript = "diff \"${PODS_PODFILE_DIR_PATH}/Podfile.lock\" \"${PODS_ROOT}/Manifest.lock\" > /dev/null\nif [ $? != 0 ] ; then\n    # print error to STDERR\n    echo \"error: The sandbox is not in sync with the Podfile.lock. Run 'pod install' or update your CocoaPods installation.\" >&2\n    exit 1\nfi\n# This output is used by Xcode 'outputs' to avoid re-running this script phase.\necho \"SUCCESS\" > \"${SCRIPT_OUTPUT_FILE_0}\"\n";
			showEnvVarsInLog = 0;
		};
		4A034E20E919CBFB6AF5DA33 /* [CP] Check Pods Manifest.lock */ = {
			isa = PBXShellScriptBuildPhase;
			buildActionMask = 2147483647;
			files = (
			);
			inputFileListPaths = (
			);
			inputPaths = (
				"${PODS_PODFILE_DIR_PATH}/Podfile.lock",
				"${PODS_ROOT}/Manifest.lock",
			);
			name = "[CP] Check Pods Manifest.lock";
			outputFileListPaths = (
			);
			outputPaths = (
				"$(DERIVED_FILE_DIR)/Pods-WordHuntTests-checkManifestLockResult.txt",
			);
			runOnlyForDeploymentPostprocessing = 0;
			shellPath = /bin/sh;
			shellScript = "diff \"${PODS_PODFILE_DIR_PATH}/Podfile.lock\" \"${PODS_ROOT}/Manifest.lock\" > /dev/null\nif [ $? != 0 ] ; then\n    # print error to STDERR\n    echo \"error: The sandbox is not in sync with the Podfile.lock. Run 'pod install' or update your CocoaPods installation.\" >&2\n    exit 1\nfi\n# This output is used by Xcode 'outputs' to avoid re-running this script phase.\necho \"SUCCESS\" > \"${SCRIPT_OUTPUT_FILE_0}\"\n";
			showEnvVarsInLog = 0;
		};
		5AE1FB0C37FFC86D2CB49D06 /* [CP] Check Pods Manifest.lock */ = {
			isa = PBXShellScriptBuildPhase;
			buildActionMask = 2147483647;
			files = (
			);
			inputFileListPaths = (
			);
			inputPaths = (
				"${PODS_PODFILE_DIR_PATH}/Podfile.lock",
				"${PODS_ROOT}/Manifest.lock",
			);
			name = "[CP] Check Pods Manifest.lock";
			outputFileListPaths = (
			);
			outputPaths = (
				"$(DERIVED_FILE_DIR)/Pods-WordHunt-checkManifestLockResult.txt",
			);
			runOnlyForDeploymentPostprocessing = 0;
			shellPath = /bin/sh;
			shellScript = "diff \"${PODS_PODFILE_DIR_PATH}/Podfile.lock\" \"${PODS_ROOT}/Manifest.lock\" > /dev/null\nif [ $? != 0 ] ; then\n    # print error to STDERR\n    echo \"error: The sandbox is not in sync with the Podfile.lock. Run 'pod install' or update your CocoaPods installation.\" >&2\n    exit 1\nfi\n# This output is used by Xcode 'outputs' to avoid re-running this script phase.\necho \"SUCCESS\" > \"${SCRIPT_OUTPUT_FILE_0}\"\n";
			showEnvVarsInLog = 0;
		};
		719F58C72B73B7C6F9D41163 /* [CP] Embed Pods Frameworks */ = {
			isa = PBXShellScriptBuildPhase;
			buildActionMask = 2147483647;
			files = (
			);
			inputFileListPaths = (
				"${PODS_ROOT}/Target Support Files/Pods-WordHunt-WordHuntUITests/Pods-WordHunt-WordHuntUITests-frameworks-${CONFIGURATION}-input-files.xcfilelist",
			);
			name = "[CP] Embed Pods Frameworks";
			outputFileListPaths = (
				"${PODS_ROOT}/Target Support Files/Pods-WordHunt-WordHuntUITests/Pods-WordHunt-WordHuntUITests-frameworks-${CONFIGURATION}-output-files.xcfilelist",
			);
			runOnlyForDeploymentPostprocessing = 0;
			shellPath = /bin/sh;
			shellScript = "\"${PODS_ROOT}/Target Support Files/Pods-WordHunt-WordHuntUITests/Pods-WordHunt-WordHuntUITests-frameworks.sh\"\n";
			showEnvVarsInLog = 0;
		};
/* End PBXShellScriptBuildPhase section */

/* Begin PBXSourcesBuildPhase section */
		1868808E2A16006100848325 /* Sources */ = {
			isa = PBXSourcesBuildPhase;
			buildActionMask = 2147483647;
			files = (
				1842774D2A1755C8004B09CE /* NetworkManager.swift in Sources */,
				9244FEFD2ADCEF3B00AE9D9C /* Constants.swift in Sources */,
				184277482A175550004B09CE /* wordHuntModel.swift in Sources */,
				188426072A1652FE00EE4251 /* AlphabetCollectionViewCell.swift in Sources */,
				18EE4DC12A190D8400F7B842 /* HelpViewController.swift in Sources */,
				186880A02A16006100848325 /* WordHunt.xcdatamodeld in Sources */,
				183356C62A1A60D000906776 /* HomeViewController.swift in Sources */,
				183356CB2A1A669F00906776 /* HomeTableViewCell.swift in Sources */,
				183356D62A1CFAF200906776 /* CounterViewController.swift in Sources */,
				188425FD2A16514800EE4251 /* QuestionsViewController.swift in Sources */,
				188426022A16525400EE4251 /* QuestionsCollectionViewCell.swift in Sources */,
				186880DE2A160CF900848325 /* Extensions.swift in Sources */,
				1868809A2A16006100848325 /* ViewController.swift in Sources */,
				186880962A16006100848325 /* AppDelegate.swift in Sources */,
				186880982A16006100848325 /* SceneDelegate.swift in Sources */,
				9267D5262AE62B0C00BBFD29 /* UIFunctions.swift in Sources */,
				186880D72A16010200848325 /* PaddingLbl.swift in Sources */,
				1842774B2A175587004B09CE /* QuestionsViewModel.swift in Sources */,
				182818722A6907980018FE13 /* LaunchScreenViewController.swift in Sources */,
				188469382A21FB0F00412C20 /* DoneViewController.swift in Sources */,
			);
			runOnlyForDeploymentPostprocessing = 0;
		};
		186880A72A16006300848325 /* Sources */ = {
			isa = PBXSourcesBuildPhase;
			buildActionMask = 2147483647;
			files = (
				186880B02A16006300848325 /* WordHuntTests.swift in Sources */,
			);
			runOnlyForDeploymentPostprocessing = 0;
		};
		186880B12A16006300848325 /* Sources */ = {
			isa = PBXSourcesBuildPhase;
			buildActionMask = 2147483647;
			files = (
				186880BC2A16006300848325 /* WordHuntUITestsLaunchTests.swift in Sources */,
				186880BA2A16006300848325 /* WordHuntUITests.swift in Sources */,
			);
			runOnlyForDeploymentPostprocessing = 0;
		};
/* End PBXSourcesBuildPhase section */

/* Begin PBXTargetDependency section */
		186880AD2A16006300848325 /* PBXTargetDependency */ = {
			isa = PBXTargetDependency;
			target = 186880912A16006100848325 /* WordHunt */;
			targetProxy = 186880AC2A16006300848325 /* PBXContainerItemProxy */;
		};
		186880B72A16006300848325 /* PBXTargetDependency */ = {
			isa = PBXTargetDependency;
			target = 186880912A16006100848325 /* WordHunt */;
			targetProxy = 186880B62A16006300848325 /* PBXContainerItemProxy */;
		};
/* End PBXTargetDependency section */

/* Begin PBXVariantGroup section */
		1868809B2A16006100848325 /* Main.storyboard */ = {
			isa = PBXVariantGroup;
			children = (
				1868809C2A16006100848325 /* Base */,
			);
			name = Main.storyboard;
			sourceTree = "<group>";
		};
/* End PBXVariantGroup section */

/* Begin XCBuildConfiguration section */
		186880BD2A16006300848325 /* Debug */ = {
			isa = XCBuildConfiguration;
			buildSettings = {
				ALWAYS_SEARCH_USER_PATHS = NO;
				CLANG_ANALYZER_NONNULL = YES;
				CLANG_ANALYZER_NUMBER_OBJECT_CONVERSION = YES_AGGRESSIVE;
				CLANG_CXX_LANGUAGE_STANDARD = "gnu++20";
				CLANG_ENABLE_MODULES = YES;
				CLANG_ENABLE_OBJC_ARC = YES;
				CLANG_ENABLE_OBJC_WEAK = YES;
				CLANG_WARN_BLOCK_CAPTURE_AUTORELEASING = YES;
				CLANG_WARN_BOOL_CONVERSION = YES;
				CLANG_WARN_COMMA = YES;
				CLANG_WARN_CONSTANT_CONVERSION = YES;
				CLANG_WARN_DEPRECATED_OBJC_IMPLEMENTATIONS = YES;
				CLANG_WARN_DIRECT_OBJC_ISA_USAGE = YES_ERROR;
				CLANG_WARN_DOCUMENTATION_COMMENTS = YES;
				CLANG_WARN_EMPTY_BODY = YES;
				CLANG_WARN_ENUM_CONVERSION = YES;
				CLANG_WARN_INFINITE_RECURSION = YES;
				CLANG_WARN_INT_CONVERSION = YES;
				CLANG_WARN_NON_LITERAL_NULL_CONVERSION = YES;
				CLANG_WARN_OBJC_IMPLICIT_RETAIN_SELF = YES;
				CLANG_WARN_OBJC_LITERAL_CONVERSION = YES;
				CLANG_WARN_OBJC_ROOT_CLASS = YES_ERROR;
				CLANG_WARN_QUOTED_INCLUDE_IN_FRAMEWORK_HEADER = YES;
				CLANG_WARN_RANGE_LOOP_ANALYSIS = YES;
				CLANG_WARN_STRICT_PROTOTYPES = YES;
				CLANG_WARN_SUSPICIOUS_MOVE = YES;
				CLANG_WARN_UNGUARDED_AVAILABILITY = YES_AGGRESSIVE;
				CLANG_WARN_UNREACHABLE_CODE = YES;
				CLANG_WARN__DUPLICATE_METHOD_MATCH = YES;
				COPY_PHASE_STRIP = NO;
				DEBUG_INFORMATION_FORMAT = dwarf;
				ENABLE_STRICT_OBJC_MSGSEND = YES;
				ENABLE_TESTABILITY = YES;
				GCC_C_LANGUAGE_STANDARD = gnu11;
				GCC_DYNAMIC_NO_PIC = NO;
				GCC_NO_COMMON_BLOCKS = YES;
				GCC_OPTIMIZATION_LEVEL = 0;
				GCC_PREPROCESSOR_DEFINITIONS = (
					"DEBUG=1",
					"$(inherited)",
				);
				GCC_WARN_64_TO_32_BIT_CONVERSION = YES;
				GCC_WARN_ABOUT_RETURN_TYPE = YES_ERROR;
				GCC_WARN_UNDECLARED_SELECTOR = YES;
				GCC_WARN_UNINITIALIZED_AUTOS = YES_AGGRESSIVE;
				GCC_WARN_UNUSED_FUNCTION = YES;
				GCC_WARN_UNUSED_VARIABLE = YES;
				IPHONEOS_DEPLOYMENT_TARGET = 13.0;
				MTL_ENABLE_DEBUG_INFO = INCLUDE_SOURCE;
				MTL_FAST_MATH = YES;
				ONLY_ACTIVE_ARCH = YES;
				SDKROOT = iphoneos;
				SWIFT_ACTIVE_COMPILATION_CONDITIONS = DEBUG;
				SWIFT_OPTIMIZATION_LEVEL = "-Onone";
			};
			name = Debug;
		};
		186880BE2A16006300848325 /* Release */ = {
			isa = XCBuildConfiguration;
			buildSettings = {
				ALWAYS_SEARCH_USER_PATHS = NO;
				CLANG_ANALYZER_NONNULL = YES;
				CLANG_ANALYZER_NUMBER_OBJECT_CONVERSION = YES_AGGRESSIVE;
				CLANG_CXX_LANGUAGE_STANDARD = "gnu++20";
				CLANG_ENABLE_MODULES = YES;
				CLANG_ENABLE_OBJC_ARC = YES;
				CLANG_ENABLE_OBJC_WEAK = YES;
				CLANG_WARN_BLOCK_CAPTURE_AUTORELEASING = YES;
				CLANG_WARN_BOOL_CONVERSION = YES;
				CLANG_WARN_COMMA = YES;
				CLANG_WARN_CONSTANT_CONVERSION = YES;
				CLANG_WARN_DEPRECATED_OBJC_IMPLEMENTATIONS = YES;
				CLANG_WARN_DIRECT_OBJC_ISA_USAGE = YES_ERROR;
				CLANG_WARN_DOCUMENTATION_COMMENTS = YES;
				CLANG_WARN_EMPTY_BODY = YES;
				CLANG_WARN_ENUM_CONVERSION = YES;
				CLANG_WARN_INFINITE_RECURSION = YES;
				CLANG_WARN_INT_CONVERSION = YES;
				CLANG_WARN_NON_LITERAL_NULL_CONVERSION = YES;
				CLANG_WARN_OBJC_IMPLICIT_RETAIN_SELF = YES;
				CLANG_WARN_OBJC_LITERAL_CONVERSION = YES;
				CLANG_WARN_OBJC_ROOT_CLASS = YES_ERROR;
				CLANG_WARN_QUOTED_INCLUDE_IN_FRAMEWORK_HEADER = YES;
				CLANG_WARN_RANGE_LOOP_ANALYSIS = YES;
				CLANG_WARN_STRICT_PROTOTYPES = YES;
				CLANG_WARN_SUSPICIOUS_MOVE = YES;
				CLANG_WARN_UNGUARDED_AVAILABILITY = YES_AGGRESSIVE;
				CLANG_WARN_UNREACHABLE_CODE = YES;
				CLANG_WARN__DUPLICATE_METHOD_MATCH = YES;
				COPY_PHASE_STRIP = NO;
				DEBUG_INFORMATION_FORMAT = "dwarf-with-dsym";
				ENABLE_NS_ASSERTIONS = NO;
				ENABLE_STRICT_OBJC_MSGSEND = YES;
				GCC_C_LANGUAGE_STANDARD = gnu11;
				GCC_NO_COMMON_BLOCKS = YES;
				GCC_WARN_64_TO_32_BIT_CONVERSION = YES;
				GCC_WARN_ABOUT_RETURN_TYPE = YES_ERROR;
				GCC_WARN_UNDECLARED_SELECTOR = YES;
				GCC_WARN_UNINITIALIZED_AUTOS = YES_AGGRESSIVE;
				GCC_WARN_UNUSED_FUNCTION = YES;
				GCC_WARN_UNUSED_VARIABLE = YES;
				IPHONEOS_DEPLOYMENT_TARGET = 13.0;
				MTL_ENABLE_DEBUG_INFO = NO;
				MTL_FAST_MATH = YES;
				SDKROOT = iphoneos;
				SWIFT_COMPILATION_MODE = wholemodule;
				SWIFT_OPTIMIZATION_LEVEL = "-O";
				VALIDATE_PRODUCT = YES;
			};
			name = Release;
		};
		186880C02A16006300848325 /* Debug */ = {
			isa = XCBuildConfiguration;
			baseConfigurationReference = 894DDF18AF3E8D990D28BA69 /* Pods-WordHunt.debug.xcconfig */;
			buildSettings = {
				ASSETCATALOG_COMPILER_APPICON_NAME = AppIcon;
				ASSETCATALOG_COMPILER_GLOBAL_ACCENT_COLOR_NAME = AccentColor;
				CODE_SIGN_STYLE = Automatic;
				CURRENT_PROJECT_VERSION = 1;
				DEVELOPMENT_TEAM = P35TG23C96;
				GENERATE_INFOPLIST_FILE = YES;
				INFOPLIST_FILE = WordHunt/Info.plist;
				INFOPLIST_KEY_CFBundleDisplayName = "Word Whiz";
				INFOPLIST_KEY_LSApplicationCategoryType = "public.app-category.word-games";
				INFOPLIST_KEY_UIApplicationSupportsIndirectInputEvents = YES;
				INFOPLIST_KEY_UILaunchStoryboardName = LaunchScreen;
				INFOPLIST_KEY_UIMainStoryboardFile = Main;
				INFOPLIST_KEY_UIRequiresFullScreen = YES;
				INFOPLIST_KEY_UIStatusBarStyle = "";
				INFOPLIST_KEY_UISupportedInterfaceOrientations = UIInterfaceOrientationPortrait;
				INFOPLIST_KEY_UISupportedInterfaceOrientations_iPad = "UIInterfaceOrientationPortrait UIInterfaceOrientationPortraitUpsideDown";
				LD_RUNPATH_SEARCH_PATHS = (
					"$(inherited)",
					"@executable_path/Frameworks",
				);
				MARKETING_VERSION = 1.1;
				OTHER_LDFLAGS = (
					"-ObjC",
					"$(inherited)",
					"-framework",
					"\"Foundation\"",
					"-framework",
					"\"MagicTimer\"",
					"-framework",
					"\"SRCountdownTimer\"",
					"-framework",
					"\"UIKit\"",
				);
				PRODUCT_BUNDLE_IDENTIFIER = com.adityaKhavanekar.WordWhiz;
				PRODUCT_NAME = "$(TARGET_NAME)";
				SWIFT_EMIT_LOC_STRINGS = YES;
				SWIFT_VERSION = 5.0;
				TARGETED_DEVICE_FAMILY = "1,2";
			};
			name = Debug;
		};
		186880C12A16006300848325 /* Release */ = {
			isa = XCBuildConfiguration;
			baseConfigurationReference = B813573DC1FEEDD5DD241784 /* Pods-WordHunt.release.xcconfig */;
			buildSettings = {
				ASSETCATALOG_COMPILER_APPICON_NAME = AppIcon;
				ASSETCATALOG_COMPILER_GLOBAL_ACCENT_COLOR_NAME = AccentColor;
				CODE_SIGN_STYLE = Automatic;
				CURRENT_PROJECT_VERSION = 1;
				DEVELOPMENT_TEAM = P35TG23C96;
				GENERATE_INFOPLIST_FILE = YES;
				INFOPLIST_FILE = WordHunt/Info.plist;
				INFOPLIST_KEY_CFBundleDisplayName = "Word Whiz";
				INFOPLIST_KEY_LSApplicationCategoryType = "public.app-category.word-games";
				INFOPLIST_KEY_UIApplicationSupportsIndirectInputEvents = YES;
				INFOPLIST_KEY_UILaunchStoryboardName = LaunchScreen;
				INFOPLIST_KEY_UIMainStoryboardFile = Main;
				INFOPLIST_KEY_UIRequiresFullScreen = YES;
				INFOPLIST_KEY_UIStatusBarStyle = "";
				INFOPLIST_KEY_UISupportedInterfaceOrientations = UIInterfaceOrientationPortrait;
				INFOPLIST_KEY_UISupportedInterfaceOrientations_iPad = "UIInterfaceOrientationPortrait UIInterfaceOrientationPortraitUpsideDown";
				LD_RUNPATH_SEARCH_PATHS = (
					"$(inherited)",
					"@executable_path/Frameworks",
				);
				MARKETING_VERSION = 1.1;
				OTHER_LDFLAGS = (
					"-ObjC",
					"$(inherited)",
					"-framework",
					"\"Foundation\"",
					"-framework",
					"\"MagicTimer\"",
					"-framework",
					"\"SRCountdownTimer\"",
					"-framework",
					"\"UIKit\"",
				);
				PRODUCT_BUNDLE_IDENTIFIER = com.adityaKhavanekar.WordWhiz;
				PRODUCT_NAME = "$(TARGET_NAME)";
				SWIFT_EMIT_LOC_STRINGS = YES;
				SWIFT_VERSION = 5.0;
				TARGETED_DEVICE_FAMILY = "1,2";
			};
			name = Release;
		};
		186880C32A16006300848325 /* Debug */ = {
			isa = XCBuildConfiguration;
			baseConfigurationReference = 491ACA907A48757C98A29BC4 /* Pods-WordHuntTests.debug.xcconfig */;
			buildSettings = {
				ALWAYS_EMBED_SWIFT_STANDARD_LIBRARIES = YES;
				BUNDLE_LOADER = "$(TEST_HOST)";
				CODE_SIGN_STYLE = Automatic;
				CURRENT_PROJECT_VERSION = 1;
				GENERATE_INFOPLIST_FILE = YES;
				IPHONEOS_DEPLOYMENT_TARGET = 16.4;
				MARKETING_VERSION = 1.0;
				PRODUCT_BUNDLE_IDENTIFIER = AKProjs.WordHuntTests;
				PRODUCT_NAME = "$(TARGET_NAME)";
				SWIFT_EMIT_LOC_STRINGS = NO;
				SWIFT_VERSION = 5.0;
				TARGETED_DEVICE_FAMILY = "1,2";
				TEST_HOST = "$(BUILT_PRODUCTS_DIR)/WordHunt.app/$(BUNDLE_EXECUTABLE_FOLDER_PATH)/WordHunt";
			};
			name = Debug;
		};
		186880C42A16006300848325 /* Release */ = {
			isa = XCBuildConfiguration;
			baseConfigurationReference = D7A4988E41AEA97D503DE8C5 /* Pods-WordHuntTests.release.xcconfig */;
			buildSettings = {
				ALWAYS_EMBED_SWIFT_STANDARD_LIBRARIES = YES;
				BUNDLE_LOADER = "$(TEST_HOST)";
				CODE_SIGN_STYLE = Automatic;
				CURRENT_PROJECT_VERSION = 1;
				GENERATE_INFOPLIST_FILE = YES;
				IPHONEOS_DEPLOYMENT_TARGET = 16.4;
				MARKETING_VERSION = 1.0;
				PRODUCT_BUNDLE_IDENTIFIER = AKProjs.WordHuntTests;
				PRODUCT_NAME = "$(TARGET_NAME)";
				SWIFT_EMIT_LOC_STRINGS = NO;
				SWIFT_VERSION = 5.0;
				TARGETED_DEVICE_FAMILY = "1,2";
				TEST_HOST = "$(BUILT_PRODUCTS_DIR)/WordHunt.app/$(BUNDLE_EXECUTABLE_FOLDER_PATH)/WordHunt";
			};
			name = Release;
		};
		186880C62A16006300848325 /* Debug */ = {
			isa = XCBuildConfiguration;
			baseConfigurationReference = C0205F3F38B6C0C35411EB76 /* Pods-WordHunt-WordHuntUITests.debug.xcconfig */;
			buildSettings = {
				ALWAYS_EMBED_SWIFT_STANDARD_LIBRARIES = YES;
				CODE_SIGN_STYLE = Automatic;
				CURRENT_PROJECT_VERSION = 1;
				GENERATE_INFOPLIST_FILE = YES;
				MARKETING_VERSION = 1.0;
				PRODUCT_BUNDLE_IDENTIFIER = AKProjs.WordHuntUITests;
				PRODUCT_NAME = "$(TARGET_NAME)";
				SWIFT_EMIT_LOC_STRINGS = NO;
				SWIFT_VERSION = 5.0;
				TARGETED_DEVICE_FAMILY = "1,2";
				TEST_TARGET_NAME = WordHunt;
			};
			name = Debug;
		};
		186880C72A16006300848325 /* Release */ = {
			isa = XCBuildConfiguration;
			baseConfigurationReference = 0958D609331A95A0833268EB /* Pods-WordHunt-WordHuntUITests.release.xcconfig */;
			buildSettings = {
				ALWAYS_EMBED_SWIFT_STANDARD_LIBRARIES = YES;
				CODE_SIGN_STYLE = Automatic;
				CURRENT_PROJECT_VERSION = 1;
				GENERATE_INFOPLIST_FILE = YES;
				MARKETING_VERSION = 1.0;
				PRODUCT_BUNDLE_IDENTIFIER = AKProjs.WordHuntUITests;
				PRODUCT_NAME = "$(TARGET_NAME)";
				SWIFT_EMIT_LOC_STRINGS = NO;
				SWIFT_VERSION = 5.0;
				TARGETED_DEVICE_FAMILY = "1,2";
				TEST_TARGET_NAME = WordHunt;
			};
			name = Release;
		};
/* End XCBuildConfiguration section */

/* Begin XCConfigurationList section */
		1868808D2A16006100848325 /* Build configuration list for PBXProject "WordHunt" */ = {
			isa = XCConfigurationList;
			buildConfigurations = (
				186880BD2A16006300848325 /* Debug */,
				186880BE2A16006300848325 /* Release */,
			);
			defaultConfigurationIsVisible = 0;
			defaultConfigurationName = Release;
		};
		186880BF2A16006300848325 /* Build configuration list for PBXNativeTarget "WordHunt" */ = {
			isa = XCConfigurationList;
			buildConfigurations = (
				186880C02A16006300848325 /* Debug */,
				186880C12A16006300848325 /* Release */,
			);
			defaultConfigurationIsVisible = 0;
			defaultConfigurationName = Release;
		};
		186880C22A16006300848325 /* Build configuration list for PBXNativeTarget "WordHuntTests" */ = {
			isa = XCConfigurationList;
			buildConfigurations = (
				186880C32A16006300848325 /* Debug */,
				186880C42A16006300848325 /* Release */,
			);
			defaultConfigurationIsVisible = 0;
			defaultConfigurationName = Release;
		};
		186880C52A16006300848325 /* Build configuration list for PBXNativeTarget "WordHuntUITests" */ = {
			isa = XCConfigurationList;
			buildConfigurations = (
				186880C62A16006300848325 /* Debug */,
				186880C72A16006300848325 /* Release */,
			);
			defaultConfigurationIsVisible = 0;
			defaultConfigurationName = Release;
		};
/* End XCConfigurationList section */

/* Begin XCRemoteSwiftPackageReference section */
		182818742A696ADA0018FE13 /* XCRemoteSwiftPackageReference "swift-package-manager-google-mobile-ads" */ = {
			isa = XCRemoteSwiftPackageReference;
			repositoryURL = "https://github.com/googleads/swift-package-manager-google-mobile-ads.git";
			requirement = {
				kind = upToNextMajorVersion;
				minimumVersion = 10.0.0;
			};
		};
/* End XCRemoteSwiftPackageReference section */

/* Begin XCSwiftPackageProductDependency section */
		182818752A696ADA0018FE13 /* GoogleMobileAds */ = {
			isa = XCSwiftPackageProductDependency;
			package = 182818742A696ADA0018FE13 /* XCRemoteSwiftPackageReference "swift-package-manager-google-mobile-ads" */;
			productName = GoogleMobileAds;
		};
/* End XCSwiftPackageProductDependency section */

/* Begin XCVersionGroup section */
		1868809E2A16006100848325 /* WordHunt.xcdatamodeld */ = {
			isa = XCVersionGroup;
			children = (
				1868809F2A16006100848325 /* WordHunt.xcdatamodel */,
			);
			currentVersion = 1868809F2A16006100848325 /* WordHunt.xcdatamodel */;
			path = WordHunt.xcdatamodeld;
			sourceTree = "<group>";
			versionGroupType = wrapper.xcdatamodel;
		};
/* End XCVersionGroup section */
	};
	rootObject = 1868808A2A16006100848325 /* Project object */;
}
